
Microsoft Visual Studio Solution File, Format Version 12.00
# Visual Studio Version 17
VisualStudioVersion = 17.0.31903.59
MinimumVisualStudioVersion = 10.0.40219.1
Project("{2150E333-8FDC-42A3-9474-1A3956D46DE8}") = "LambdaAnnotationsDemo", "LambdaAnnotationsDemo", "{D6D2D545-E644-AA00-9930-0E9444B8612C}"
EndProject
Project("{FAE04EC0-301F-11D3-BF4B-00C04F79EFBC}") = "LambdaAnnotationsDemo.Aspire", "LambdaAnnotationsDemo\LambdaAnnotationsDemo.Aspire\LambdaAnnotationsDemo.Aspire.csproj", "{C718AC3F-60F5-48A9-997C-2BC0BD8CB583}"
EndProject
Project("{FAE04EC0-301F-11D3-BF4B-00C04F79EFBC}") = "LambdaAnnotationsDemo", "LambdaAnnotationsDemo\LambdaAnnotationsDemo\LambdaAnnotationsDemo.csproj", "{EE52FBAD-314A-4F00-AD1E-B79B1F85F0D5}"
EndProject
Project("{FAE04EC0-301F-11D3-BF4B-00C04F79EFBC}") = "LambdaRefactoringDemo", "LambdaRefactoringDemo\LambdaRefactoringDemo.csproj", "{ADDCBD9F-27F0-4647-B6F6-5BF0E110652D}"
EndProject
Project("{2150E333-8FDC-42A3-9474-1A3956D46DE8}") = "LambdaColdStartDemo", "LambdaColdStartDemo", "{2AA4D0E4-9629-50ED-ADD1-165839018778}"
EndProject
Project("{2150E333-8FDC-42A3-9474-1A3956D46DE8}") = "Initial", "Initial", "{BCCD5E5A-6A5C-5C3A-7B7F-53B37D29CA8C}"
EndProject
Project("{FAE04EC0-301F-11D3-BF4B-00C04F79EFBC}") = "LambdaColdStartDemo", "LambdaColdStartDemo\Initial\LambdaColdStartDemo.csproj", "{8B35E131-98CA-433E-9F59-12C004611595}"
EndProject
Project("{2150E333-8FDC-42A3-9474-1A3956D46DE8}") = "Step3_NativeAot", "Step3_NativeAot", "{639F804E-5E99-B0B0-0517-303E97367E5E}"
EndProject
Project("{FAE04EC0-301F-11D3-BF4B-00C04F79EFBC}") = "LambdaColdStartDemo.NativeAot", "LambdaColdStartDemo\Step3_NativeAot\LambdaColdStartDemo.NativeAot.csproj", "{5F0F4D1C-F40D-4431-8406-FCA4028CD655}"
EndProject
Project("{2150E333-8FDC-42A3-9474-1A3956D46DE8}") = "LambdaRefactoringDemo", "LambdaRefactoringDemo", "{B838B6FE-3AE3-4E51-872A-B248F50A8DDF}"
EndProject
Project("{2150E333-8FDC-42A3-9474-1A3956D46DE8}") = "CdkDeploymentDemo", "CdkDeploymentDemo", "{A1B2C3D4-E5F6-7890-ABCD-EF1234567890}"
EndProject
Project("{FAE04EC0-301F-11D3-BF4B-00C04F79EFBC}") = "ItemsApi", "CdkDeploymentDemo\src\ItemsApi\ItemsApi.csproj", "{B2C3D4E5-F6A7-8901-BCDE-F23456789012}"
EndProject
Project("{FAE04EC0-301F-11D3-BF4B-00C04F79EFBC}") = "CdkDeploymentDemo.Infra", "CdkDeploymentDemo\infra\CdkDeploymentDemo.Infra.csproj", "{C3D4E5F6-A7B8-9012-CDEF-345678901234}"
EndProject
Global
	GlobalSection(SolutionConfigurationPlatforms) = preSolution
		Debug|Any CPU = Debug|Any CPU
		Debug|x64 = Debug|x64
		Debug|x86 = Debug|x86
		Release|Any CPU = Release|Any CPU
		Release|x64 = Release|x64
		Release|x86 = Release|x86
	EndGlobalSection
	GlobalSection(ProjectConfigurationPlatforms) = postSolution
		{C718AC3F-60F5-48A9-997C-2BC0BD8CB583}.Debug|Any CPU.ActiveCfg = Debug|Any CPU
		{C718AC3F-60F5-48A9-997C-2BC0BD8CB583}.Debug|Any CPU.Build.0 = Debug|Any CPU
		{C718AC3F-60F5-48A9-997C-2BC0BD8CB583}.Debug|x64.ActiveCfg = Debug|Any CPU
		{C718AC3F-60F5-48A9-997C-2BC0BD8CB583}.Debug|x64.Build.0 = Debug|Any CPU
		{C718AC3F-60F5-48A9-997C-2BC0BD8CB583}.Debug|x86.ActiveCfg = Debug|Any CPU
		{C718AC3F-60F5-48A9-997C-2BC0BD8CB583}.Debug|x86.Build.0 = Debug|Any CPU
		{C718AC3F-60F5-48A9-997C-2BC0BD8CB583}.Release|Any CPU.ActiveCfg = Release|Any CPU
		{C718AC3F-60F5-48A9-997C-2BC0BD8CB583}.Release|Any CPU.Build.0 = Release|Any CPU
		{C718AC3F-60F5-48A9-997C-2BC0BD8CB583}.Release|x64.ActiveCfg = Release|Any CPU
		{C718AC3F-60F5-48A9-997C-2BC0BD8CB583}.Release|x64.Build.0 = Release|Any CPU
		{C718AC3F-60F5-48A9-997C-2BC0BD8CB583}.Release|x86.ActiveCfg = Release|Any CPU
		{C718AC3F-60F5-48A9-997C-2BC0BD8CB583}.Release|x86.Build.0 = Release|Any CPU
		{EE52FBAD-314A-4F00-AD1E-B79B1F85F0D5}.Debug|Any CPU.ActiveCfg = Debug|Any CPU
		{EE52FBAD-314A-4F00-AD1E-B79B1F85F0D5}.Debug|Any CPU.Build.0 = Debug|Any CPU
		{EE52FBAD-314A-4F00-AD1E-B79B1F85F0D5}.Debug|x64.ActiveCfg = Debug|Any CPU
		{EE52FBAD-314A-4F00-AD1E-B79B1F85F0D5}.Debug|x64.Build.0 = Debug|Any CPU
		{EE52FBAD-314A-4F00-AD1E-B79B1F85F0D5}.Debug|x86.ActiveCfg = Debug|Any CPU
		{EE52FBAD-314A-4F00-AD1E-B79B1F85F0D5}.Debug|x86.Build.0 = Debug|Any CPU
		{EE52FBAD-314A-4F00-AD1E-B79B1F85F0D5}.Release|Any CPU.ActiveCfg = Release|Any CPU
		{EE52FBAD-314A-4F00-AD1E-B79B1F85F0D5}.Release|Any CPU.Build.0 = Release|Any CPU
		{EE52FBAD-314A-4F00-AD1E-B79B1F85F0D5}.Release|x64.ActiveCfg = Release|Any CPU
		{EE52FBAD-314A-4F00-AD1E-B79B1F85F0D5}.Release|x64.Build.0 = Release|Any CPU
		{EE52FBAD-314A-4F00-AD1E-B79B1F85F0D5}.Release|x86.ActiveCfg = Release|Any CPU
		{EE52FBAD-314A-4F00-AD1E-B79B1F85F0D5}.Release|x86.Build.0 = Release|Any CPU
		{ADDCBD9F-27F0-4647-B6F6-5BF0E110652D}.Debug|Any CPU.ActiveCfg = Debug|Any CPU
		{ADDCBD9F-27F0-4647-B6F6-5BF0E110652D}.Debug|Any CPU.Build.0 = Debug|Any CPU
		{ADDCBD9F-27F0-4647-B6F6-5BF0E110652D}.Debug|x64.ActiveCfg = Debug|Any CPU
		{ADDCBD9F-27F0-4647-B6F6-5BF0E110652D}.Debug|x64.Build.0 = Debug|Any CPU
		{ADDCBD9F-27F0-4647-B6F6-5BF0E110652D}.Debug|x86.ActiveCfg = Debug|Any CPU
		{ADDCBD9F-27F0-4647-B6F6-5BF0E110652D}.Debug|x86.Build.0 = Debug|Any CPU
		{ADDCBD9F-27F0-4647-B6F6-5BF0E110652D}.Release|Any CPU.ActiveCfg = Release|Any CPU
		{ADDCBD9F-27F0-4647-B6F6-5BF0E110652D}.Release|Any CPU.Build.0 = Release|Any CPU
		{ADDCBD9F-27F0-4647-B6F6-5BF0E110652D}.Release|x64.ActiveCfg = Release|Any CPU
		{ADDCBD9F-27F0-4647-B6F6-5BF0E110652D}.Release|x64.Build.0 = Release|Any CPU
		{ADDCBD9F-27F0-4647-B6F6-5BF0E110652D}.Release|x86.ActiveCfg = Release|Any CPU
		{ADDCBD9F-27F0-4647-B6F6-5BF0E110652D}.Release|x86.Build.0 = Release|Any CPU
		{8B35E131-98CA-433E-9F59-12C004611595}.Debug|Any CPU.ActiveCfg = Debug|Any CPU
		{8B35E131-98CA-433E-9F59-12C004611595}.Debug|Any CPU.Build.0 = Debug|Any CPU
		{8B35E131-98CA-433E-9F59-12C004611595}.Debug|x64.ActiveCfg = Debug|Any CPU
		{8B35E131-98CA-433E-9F59-12C004611595}.Debug|x64.Build.0 = Debug|Any CPU
		{8B35E131-98CA-433E-9F59-12C004611595}.Debug|x86.ActiveCfg = Debug|Any CPU
		{8B35E131-98CA-433E-9F59-12C004611595}.Debug|x86.Build.0 = Debug|Any CPU
		{8B35E131-98CA-433E-9F59-12C004611595}.Release|Any CPU.ActiveCfg = Release|Any CPU
		{8B35E131-98CA-433E-9F59-12C004611595}.Release|Any CPU.Build.0 = Release|Any CPU
		{8B35E131-98CA-433E-9F59-12C004611595}.Release|x64.ActiveCfg = Release|Any CPU
		{8B35E131-98CA-433E-9F59-12C004611595}.Release|x64.Build.0 = Release|Any CPU
		{8B35E131-98CA-433E-9F59-12C004611595}.Release|x86.ActiveCfg = Release|Any CPU
		{8B35E131-98CA-433E-9F59-12C004611595}.Release|x86.Build.0 = Release|Any CPU
		{5F0F4D1C-F40D-4431-8406-FCA4028CD655}.Debug|Any CPU.ActiveCfg = Debug|Any CPU
		{5F0F4D1C-F40D-4431-8406-FCA4028CD655}.Debug|Any CPU.Build.0 = Debug|Any CPU
		{5F0F4D1C-F40D-4431-8406-FCA4028CD655}.Debug|x64.ActiveCfg = Debug|Any CPU
		{5F0F4D1C-F40D-4431-8406-FCA4028CD655}.Debug|x64.Build.0 = Debug|Any CPU
		{5F0F4D1C-F40D-4431-8406-FCA4028CD655}.Debug|x86.ActiveCfg = Debug|Any CPU
		{5F0F4D1C-F40D-4431-8406-FCA4028CD655}.Debug|x86.Build.0 = Debug|Any CPU
		{5F0F4D1C-F40D-4431-8406-FCA4028CD655}.Release|Any CPU.ActiveCfg = Release|Any CPU
		{5F0F4D1C-F40D-4431-8406-FCA4028CD655}.Release|Any CPU.Build.0 = Release|Any CPU
		{5F0F4D1C-F40D-4431-8406-FCA4028CD655}.Release|x64.ActiveCfg = Release|Any CPU
		{5F0F4D1C-F40D-4431-8406-FCA4028CD655}.Release|x64.Build.0 = Release|Any CPU
		{5F0F4D1C-F40D-4431-8406-FCA4028CD655}.Release|x86.ActiveCfg = Release|Any CPU
		{5F0F4D1C-F40D-4431-8406-FCA4028CD655}.Release|x86.Build.0 = Release|Any CPU
		{B2C3D4E5-F6A7-8901-BCDE-F23456789012}.Debug|Any CPU.ActiveCfg = Debug|Any CPU
		{B2C3D4E5-F6A7-8901-BCDE-F23456789012}.Debug|Any CPU.Build.0 = Debug|Any CPU
		{B2C3D4E5-F6A7-8901-BCDE-F23456789012}.Debug|x64.ActiveCfg = Debug|Any CPU
		{B2C3D4E5-F6A7-8901-BCDE-F23456789012}.Debug|x64.Build.0 = Debug|Any CPU
		{B2C3D4E5-F6A7-8901-BCDE-F23456789012}.Debug|x86.ActiveCfg = Debug|Any CPU
		{B2C3D4E5-F6A7-8901-BCDE-F23456789012}.Debug|x86.Build.0 = Debug|Any CPU
		{B2C3D4E5-F6A7-8901-BCDE-F23456789012}.Release|Any CPU.ActiveCfg = Release|Any CPU
		{B2C3D4E5-F6A7-8901-BCDE-F23456789012}.Release|Any CPU.Build.0 = Release|Any CPU
		{B2C3D4E5-F6A7-8901-BCDE-F23456789012}.Release|x64.ActiveCfg = Release|Any CPU
		{B2C3D4E5-F6A7-8901-BCDE-F23456789012}.Release|x64.Build.0 = Release|Any CPU
		{B2C3D4E5-F6A7-8901-BCDE-F23456789012}.Release|x86.ActiveCfg = Release|Any CPU
		{B2C3D4E5-F6A7-8901-BCDE-F23456789012}.Release|x86.Build.0 = Release|Any CPU
		{C3D4E5F6-A7B8-9012-CDEF-345678901234}.Debug|Any CPU.ActiveCfg = Debug|Any CPU
		{C3D4E5F6-A7B8-9012-CDEF-345678901234}.Debug|Any CPU.Build.0 = Debug|Any CPU
		{C3D4E5F6-A7B8-9012-CDEF-345678901234}.Debug|x64.ActiveCfg = Debug|Any CPU
		{C3D4E5F6-A7B8-9012-CDEF-345678901234}.Debug|x64.Build.0 = Debug|Any CPU
		{C3D4E5F6-A7B8-9012-CDEF-345678901234}.Debug|x86.ActiveCfg = Debug|Any CPU
		{C3D4E5F6-A7B8-9012-CDEF-345678901234}.Debug|x86.Build.0 = Debug|Any CPU
		{C3D4E5F6-A7B8-9012-CDEF-345678901234}.Release|Any CPU.ActiveCfg = Release|Any CPU
		{C3D4E5F6-A7B8-9012-CDEF-345678901234}.Release|Any CPU.Build.0 = Release|Any CPU
		{C3D4E5F6-A7B8-9012-CDEF-345678901234}.Release|x64.ActiveCfg = Release|Any CPU
		{C3D4E5F6-A7B8-9012-CDEF-345678901234}.Release|x64.Build.0 = Release|Any CPU
		{C3D4E5F6-A7B8-9012-CDEF-345678901234}.Release|x86.ActiveCfg = Release|Any CPU
		{C3D4E5F6-A7B8-9012-CDEF-345678901234}.Release|x86.Build.0 = Release|Any CPU
	EndGlobalSection
	GlobalSection(SolutionProperties) = preSolution
		HideSolutionNode = FALSE
	EndGlobalSection
	GlobalSection(NestedProjects) = preSolution
		{C718AC3F-60F5-48A9-997C-2BC0BD8CB583} = {D6D2D545-E644-AA00-9930-0E9444B8612C}
		{EE52FBAD-314A-4F00-AD1E-B79B1F85F0D5} = {D6D2D545-E644-AA00-9930-0E9444B8612C}
		{BCCD5E5A-6A5C-5C3A-7B7F-53B37D29CA8C} = {2AA4D0E4-9629-50ED-ADD1-165839018778}
		{8B35E131-98CA-433E-9F59-12C004611595} = {BCCD5E5A-6A5C-5C3A-7B7F-53B37D29CA8C}
		{639F804E-5E99-B0B0-0517-303E97367E5E} = {2AA4D0E4-9629-50ED-ADD1-165839018778}
		{5F0F4D1C-F40D-4431-8406-FCA4028CD655} = {639F804E-5E99-B0B0-0517-303E97367E5E}
		{ADDCBD9F-27F0-4647-B6F6-5BF0E110652D} = {B838B6FE-3AE3-4E51-872A-B248F50A8DDF}
		{B2C3D4E5-F6A7-8901-BCDE-F23456789012} = {A1B2C3D4-E5F6-7890-ABCD-EF1234567890}
		{C3D4E5F6-A7B8-9012-CDEF-345678901234} = {A1B2C3D4-E5F6-7890-ABCD-EF1234567890}
	EndGlobalSection
EndGlobal
