
Microsoft Visual Studio Solution File, Format Version 12.00
# Visual Studio Version 17
VisualStudioVersion = 17.0.31903.59
MinimumVisualStudioVersion = 10.0.40219.1
Project("{2150E333-8FDC-42A3-9474-1A3956D46DE8}") = "src", "src", "{827E0CD3-B72D-47B6-A68D-7590B98EB39B}"
EndProject
Project("{FAE04EC0-301F-11D3-BF4B-00C04F79EFBC}") = "SqsEventBridgeDemo", "src\SqsEventBridgeDemo\SqsEventBridgeDemo.csproj", "{6956B7FF-3264-469E-8B1A-054233C6650A}"
EndProject
Project("{2150E333-8FDC-42A3-9474-1A3956D46DE8}") = "cdk", "cdk", "{C032BA6F-9001-F942-CD46-D0D39C7C83D5}"
EndProject
Project("{2150E333-8FDC-42A3-9474-1A3956D46DE8}") = "src", "src", "{45AA376D-1ABE-3C08-4A6D-BC4E6E3BF3CD}"
EndProject
Project("{FAE04EC0-301F-11D3-BF4B-00C04F79EFBC}") = "SqsEventBridgeCdk", "cdk\src\SqsEventBridgeCdk\SqsEventBridgeCdk.csproj", "{2D4465D1-38E5-45A6-AC67-1CAA64DC1047}"
EndProject
Global
	GlobalSection(SolutionConfigurationPlatforms) = preSolution
		Debug|Any CPU = Debug|Any CPU
		Debug|x64 = Debug|x64
		Debug|x86 = Debug|x86
		Release|Any CPU = Release|Any CPU
		Release|x64 = Release|x64
		Release|x86 = Release|x86
	EndGlobalSection
	GlobalSection(ProjectConfigurationPlatforms) = postSolution
		{6956B7FF-3264-469E-8B1A-054233C6650A}.Debug|Any CPU.ActiveCfg = Debug|Any CPU
		{6956B7FF-3264-469E-8B1A-054233C6650A}.Debug|Any CPU.Build.0 = Debug|Any CPU
		{6956B7FF-3264-469E-8B1A-054233C6650A}.Debug|x64.ActiveCfg = Debug|Any CPU
		{6956B7FF-3264-469E-8B1A-054233C6650A}.Debug|x64.Build.0 = Debug|Any CPU
		{6956B7FF-3264-469E-8B1A-054233C6650A}.Debug|x86.ActiveCfg = Debug|Any CPU
		{6956B7FF-3264-469E-8B1A-054233C6650A}.Debug|x86.Build.0 = Debug|Any CPU
		{6956B7FF-3264-469E-8B1A-054233C6650A}.Release|Any CPU.ActiveCfg = Release|Any CPU
		{6956B7FF-3264-469E-8B1A-054233C6650A}.Release|Any CPU.Build.0 = Release|Any CPU
		{6956B7FF-3264-469E-8B1A-054233C6650A}.Release|x64.ActiveCfg = Release|Any CPU
		{6956B7FF-3264-469E-8B1A-054233C6650A}.Release|x64.Build.0 = Release|Any CPU
		{6956B7FF-3264-469E-8B1A-054233C6650A}.Release|x86.ActiveCfg = Release|Any CPU
		{6956B7FF-3264-469E-8B1A-054233C6650A}.Release|x86.Build.0 = Release|Any CPU
		{2D4465D1-38E5-45A6-AC67-1CAA64DC1047}.Debug|Any CPU.ActiveCfg = Debug|Any CPU
		{2D4465D1-38E5-45A6-AC67-1CAA64DC1047}.Debug|Any CPU.Build.0 = Debug|Any CPU
		{2D4465D1-38E5-45A6-AC67-1CAA64DC1047}.Debug|x64.ActiveCfg = Debug|Any CPU
		{2D4465D1-38E5-45A6-AC67-1CAA64DC1047}.Debug|x64.Build.0 = Debug|Any CPU
		{2D4465D1-38E5-45A6-AC67-1CAA64DC1047}.Debug|x86.ActiveCfg = Debug|Any CPU
		{2D4465D1-38E5-45A6-AC67-1CAA64DC1047}.Debug|x86.Build.0 = Debug|Any CPU
		{2D4465D1-38E5-45A6-AC67-1CAA64DC1047}.Release|Any CPU.ActiveCfg = Release|Any CPU
		{2D4465D1-38E5-45A6-AC67-1CAA64DC1047}.Release|Any CPU.Build.0 = Release|Any CPU
		{2D4465D1-38E5-45A6-AC67-1CAA64DC1047}.Release|x64.ActiveCfg = Release|Any CPU
		{2D4465D1-38E5-45A6-AC67-1CAA64DC1047}.Release|x64.Build.0 = Release|Any CPU
		{2D4465D1-38E5-45A6-AC67-1CAA64DC1047}.Release|x86.ActiveCfg = Release|Any CPU
		{2D4465D1-38E5-45A6-AC67-1CAA64DC1047}.Release|x86.Build.0 = Release|Any CPU
	EndGlobalSection
	GlobalSection(SolutionProperties) = preSolution
		HideSolutionNode = FALSE
	EndGlobalSection
	GlobalSection(NestedProjects) = preSolution
		{6956B7FF-3264-469E-8B1A-054233C6650A} = {827E0CD3-B72D-47B6-A68D-7590B98EB39B}
		{45AA376D-1ABE-3C08-4A6D-BC4E6E3BF3CD} = {C032BA6F-9001-F942-CD46-D0D39C7C83D5}
		{2D4465D1-38E5-45A6-AC67-1CAA64DC1047} = {45AA376D-1ABE-3C08-4A6D-BC4E6E3BF3CD}
	EndGlobalSection
EndGlobal
